
Microsoft Visual Studio Solution File, Format Version 12.00
# Visual Studio 15
VisualStudioVersion = 15.0.28307.271
MinimumVisualStudioVersion = 10.0.40219.1
Project("{FAE04EC0-301F-11D3-BF4B-00C04F79EFBC}") = "Game", "Game\Game.csproj", "{CCFAD40E-07DE-40D0-8758-28298C1149C6}"
EndProject
Project("{FAE04EC0-301F-11D3-BF4B-00C04F79EFBC}") = "Engine", "Engine\Engine.csproj", "{2606E224-8393-436F-9EA4-5D0A75AAD667}"
EndProject
Global
	GlobalSection(SolutionConfigurationPlatforms) = preSolution
		Debug|Any CPU = Debug|Any CPU
		Debug|ARM = Debug|ARM
		Debug|ARM64 = Debug|ARM64
		Debug|x64 = Debug|x64
		Debug|x86 = Debug|x86
		Release|Any CPU = Release|Any CPU
		Release|ARM = Release|ARM
		Release|ARM64 = Release|ARM64
		Release|x64 = Release|x64
		Release|x86 = Release|x86
	EndGlobalSection
	GlobalSection(ProjectConfigurationPlatforms) = postSolution
		{CCFAD40E-07DE-40D0-8758-28298C1149C6}.Debug|Any CPU.ActiveCfg = Debug|x86
		{CCFAD40E-07DE-40D0-8758-28298C1149C6}.Debug|ARM.ActiveCfg = Debug|ARM
		{CCFAD40E-07DE-40D0-8758-28298C1149C6}.Debug|ARM.Build.0 = Debug|ARM
		{CCFAD40E-07DE-40D0-8758-28298C1149C6}.Debug|ARM.Deploy.0 = Debug|ARM
		{CCFAD40E-07DE-40D0-8758-28298C1149C6}.Debug|ARM64.ActiveCfg = Debug|ARM64
		{CCFAD40E-07DE-40D0-8758-28298C1149C6}.Debug|ARM64.Build.0 = Debug|ARM64
		{CCFAD40E-07DE-40D0-8758-28298C1149C6}.Debug|ARM64.Deploy.0 = Debug|ARM64
		{CCFAD40E-07DE-40D0-8758-28298C1149C6}.Debug|x64.ActiveCfg = Debug|x64
		{CCFAD40E-07DE-40D0-8758-28298C1149C6}.Debug|x64.Build.0 = Debug|x64
		{CCFAD40E-07DE-40D0-8758-28298C1149C6}.Debug|x64.Deploy.0 = Debug|x64
		{CCFAD40E-07DE-40D0-8758-28298C1149C6}.Debug|x86.ActiveCfg = Debug|x86
		{CCFAD40E-07DE-40D0-8758-28298C1149C6}.Debug|x86.Build.0 = Debug|x86
		{CCFAD40E-07DE-40D0-8758-28298C1149C6}.Debug|x86.Deploy.0 = Debug|x86
		{CCFAD40E-07DE-40D0-8758-28298C1149C6}.Release|Any CPU.ActiveCfg = Release|x86
		{CCFAD40E-07DE-40D0-8758-28298C1149C6}.Release|ARM.ActiveCfg = Release|ARM
		{CCFAD40E-07DE-40D0-8758-28298C1149C6}.Release|ARM.Build.0 = Release|ARM
		{CCFAD40E-07DE-40D0-8758-28298C1149C6}.Release|ARM.Deploy.0 = Release|ARM
		{CCFAD40E-07DE-40D0-8758-28298C1149C6}.Release|ARM64.ActiveCfg = Release|ARM64
		{CCFAD40E-07DE-40D0-8758-28298C1149C6}.Release|ARM64.Build.0 = Release|ARM64
		{CCFAD40E-07DE-40D0-8758-28298C1149C6}.Release|ARM64.Deploy.0 = Release|ARM64
		{CCFAD40E-07DE-40D0-8758-28298C1149C6}.Release|x64.ActiveCfg = Release|x64
		{CCFAD40E-07DE-40D0-8758-28298C1149C6}.Release|x64.Build.0 = Release|x64
		{CCFAD40E-07DE-40D0-8758-28298C1149C6}.Release|x64.Deploy.0 = Release|x64
		{CCFAD40E-07DE-40D0-8758-28298C1149C6}.Release|x86.ActiveCfg = Release|x86
		{CCFAD40E-07DE-40D0-8758-28298C1149C6}.Release|x86.Build.0 = Release|x86
		{CCFAD40E-07DE-40D0-8758-28298C1149C6}.Release|x86.Deploy.0 = Release|x86
		{2606E224-8393-436F-9EA4-5D0A75AAD667}.Debug|Any CPU.ActiveCfg = Debug|Any CPU
		{2606E224-8393-436F-9EA4-5D0A75AAD667}.Debug|Any CPU.Build.0 = Debug|Any CPU
		{2606E224-8393-436F-9EA4-5D0A75AAD667}.Debug|ARM.ActiveCfg = Debug|ARM
		{2606E224-8393-436F-9EA4-5D0A75AAD667}.Debug|ARM.Build.0 = Debug|ARM
		{2606E224-8393-436F-9EA4-5D0A75AAD667}.Debug|ARM64.ActiveCfg = Debug|ARM64
		{2606E224-8393-436F-9EA4-5D0A75AAD667}.Debug|ARM64.Build.0 = Debug|ARM64
		{2606E224-8393-436F-9EA4-5D0A75AAD667}.Debug|x64.ActiveCfg = Debug|x64
		{2606E224-8393-436F-9EA4-5D0A75AAD667}.Debug|x64.Build.0 = Debug|x64
		{2606E224-8393-436F-9EA4-5D0A75AAD667}.Debug|x86.ActiveCfg = Debug|x86
		{2606E224-8393-436F-9EA4-5D0A75AAD667}.Debug|x86.Build.0 = Debug|x86
		{2606E224-8393-436F-9EA4-5D0A75AAD667}.Release|Any CPU.ActiveCfg = Release|Any CPU
		{2606E224-8393-436F-9EA4-5D0A75AAD667}.Release|Any CPU.Build.0 = Release|Any CPU
		{2606E224-8393-436F-9EA4-5D0A75AAD667}.Release|ARM.ActiveCfg = Release|ARM
		{2606E224-8393-436F-9EA4-5D0A75AAD667}.Release|ARM.Build.0 = Release|ARM
		{2606E224-8393-436F-9EA4-5D0A75AAD667}.Release|ARM64.ActiveCfg = Release|ARM64
		{2606E224-8393-436F-9EA4-5D0A75AAD667}.Release|ARM64.Build.0 = Release|ARM64
		{2606E224-8393-436F-9EA4-5D0A75AAD667}.Release|x64.ActiveCfg = Release|x64
		{2606E224-8393-436F-9EA4-5D0A75AAD667}.Release|x64.Build.0 = Release|x64
		{2606E224-8393-436F-9EA4-5D0A75AAD667}.Release|x86.ActiveCfg = Release|x86
		{2606E224-8393-436F-9EA4-5D0A75AAD667}.Release|x86.Build.0 = Release|x86
	EndGlobalSection
	GlobalSection(SolutionProperties) = preSolution
		HideSolutionNode = FALSE
	EndGlobalSection
	GlobalSection(ExtensibilityGlobals) = postSolution
		SolutionGuid = {389E7992-902B-4F3A-BE82-D51D45122B8A}
	EndGlobalSection
EndGlobal
